{
  "name": "proy_constr_grupo_8",
  "lockfileVersion": 3,
  "requires": true,
  "packages": {
    "": {
      "dependencies": {
        "@tabler/icons-react": "^3.43.0"
      }
    },
    "node_modules/@tabler/icons": {
      "version": "3.43.0",
      "resolved": "https://registry.npmjs.org/@tabler/icons/-/icons-3.43.0.tgz",
      "integrity": "sha512-qXwS17Op9jqr3Asvu31fejyw8+OnRDKH7oR8nQXyUgW1pI44ET8OKG9kssy+XIvvAIyej6gZdGmviNUn1VMfPw==",
      "license": "MIT",
      "funding": {
        "type": "github",
        "url": "https://github.com/sponsors/codecalm"
      }
    },
    "node_modules/@tabler/icons-react": {
      "version": "3.43.0",
      "resolved": "https://registry.npmjs.org/@tabler/icons-react/-/icons-react-3.43.0.tgz",
      "integrity": "sha512-rXUuCQEeRbEk3lJxs3gwzdtaaITSwc/JUbp+AkqsGff5uBpzZw7eKPDk53xKoKLyjrbj82Ai4GuVG0kO89Jf5g==",
      "license": "MIT",
      "dependencies": {
        "@tabler/icons": "3.43.0"
      },
      "funding": {
        "type": "github",
        "url": "https://github.com/sponsors/codecalm"
      },
      "peerDependencies": {
        "react": ">= 16"
      }
    },
    "node_modules/react": {
      "version": "19.2.6",
      "resolved": "https://registry.npmjs.org/react/-/react-19.2.6.tgz",
      "integrity": "sha512-sfWGGfavi0xr8Pg0sVsyHMAOziVYKgPLNrS7ig+ivMNb3wbCBw3KxtflsGBAwD3gYQlE/AEZsTLgToRrSCjb0Q==",
      "license": "MIT",
      "peer": true,
      "engines": {
        "node": ">=0.10.0"
      }
    }
  }
}
